
Microsoft Visual Studio Solution File, Format Version 12.00
# Visual Studio Version 17
VisualStudioVersion = 17.9.34723.18
MinimumVisualStudioVersion = 10.0.40219.1
Project("{9A19103F-16F7-4668-BE54-9A1E7A4F7556}") = "ProjectManagementApp", "ProjectManagementApp\ProjectManagementApp.csproj", "{B7E07E90-218C-474E-8BC6-D1078F02C9EC}"
EndProject
Global
	GlobalSection(SolutionConfigurationPlatforms) = preSolution
		Debug|Any CPU = Debug|Any CPU
		Release|Any CPU = Release|Any CPU
	EndGlobalSection
	GlobalSection(ProjectConfigurationPlatforms) = postSolution
		{B7E07E90-218C-474E-8BC6-D1078F02C9EC}.Debug|Any CPU.ActiveCfg = Debug|Any CPU
		{B7E07E90-218C-474E-8BC6-D1078F02C9EC}.Debug|Any CPU.Build.0 = Debug|Any CPU
		{B7E07E90-218C-474E-8BC6-D1078F02C9EC}.Release|Any CPU.ActiveCfg = Release|Any CPU
		{B7E07E90-218C-474E-8BC6-D1078F02C9EC}.Release|Any CPU.Build.0 = Release|Any CPU
	EndGlobalSection
	GlobalSection(SolutionProperties) = preSolution
		HideSolutionNode = FALSE
	EndGlobalSection
	GlobalSection(ExtensibilityGlobals) = postSolution
		SolutionGuid = {7F9D7F47-85C6-4362-A583-FCAFCAEB9A21}
	EndGlobalSection
EndGlobal
